// !$*UTF8*$!
{
	archiveVersion = 1;
	classes = {
	};
	objectVersion = 56;
	objects = {

/* Begin PBXBuildFile section */
		D2AF8FCC2A6DA57900F42D17 /* main.swift in Sources */ = {isa = PBXBuildFile; fileRef = D2AF8FCB2A6DA57900F42D17 /* main.swift */; };
		D2AF8FD82A6DB48000F42D17 /* ErrorExtension.swift in Sources */ = {isa = PBXBuildFile; fileRef = D2AF8FD72A6DB48000F42D17 /* ErrorExtension.swift */; };
		D2AF8FDA2A6DBB8700F42D17 /* CreateMRData.swift in Sources */ = {isa = PBXBuildFile; fileRef = D2AF8FD92A6DBB8700F42D17 /* CreateMRData.swift */; };
		D2AF8FE02A6DCDD100F42D17 /* ConfigData.swift in Sources */ = {isa = PBXBuildFile; fileRef = D2AF8FDF2A6DCDD100F42D17 /* ConfigData.swift */; };
		D2AF8FE32A6DD6CD00F42D17 /* JiraAPI.swift in Sources */ = {isa = PBXBuildFile; fileRef = D2AF8FE22A6DD6CD00F42D17 /* JiraAPI.swift */; };
		D2AF8FE52A6DD77B00F42D17 /* GitlabAPI.swift in Sources */ = {isa = PBXBuildFile; fileRef = D2AF8FE42A6DD77B00F42D17 /* GitlabAPI.swift */; };
		D2AF8FE72A6FE45B00F42D17 /* Terminal.swift in Sources */ = {isa = PBXBuildFile; fileRef = D2AF8FE62A6FE45B00F42D17 /* Terminal.swift */; };
/* End PBXBuildFile section */

/* Begin PBXCopyFilesBuildPhase section */
		D2AF8FC62A6DA57900F42D17 /* CopyFiles */ = {
			isa = PBXCopyFilesBuildPhase;
			buildActionMask = 2147483647;
			dstPath = /usr/share/man/man1/;
			dstSubfolderSpec = 0;
			files = (
			);
			runOnlyForDeploymentPostprocessing = 1;
		};
/* End PBXCopyFilesBuildPhase section */

/* Begin PBXFileReference section */
		D2AF8FC82A6DA57900F42D17 /* GitlabHelper */ = {isa = PBXFileReference; explicitFileType = "compiled.mach-o.executable"; includeInIndex = 0; path = GitlabHelper; sourceTree = BUILT_PRODUCTS_DIR; };
		D2AF8FCB2A6DA57900F42D17 /* main.swift */ = {isa = PBXFileReference; lastKnownFileType = sourcecode.swift; path = main.swift; sourceTree = "<group>"; };
		D2AF8FD72A6DB48000F42D17 /* ErrorExtension.swift */ = {isa = PBXFileReference; lastKnownFileType = sourcecode.swift; path = ErrorExtension.swift; sourceTree = "<group>"; };
		D2AF8FD92A6DBB8700F42D17 /* CreateMRData.swift */ = {isa = PBXFileReference; lastKnownFileType = sourcecode.swift; path = CreateMRData.swift; sourceTree = "<group>"; };
		D2AF8FDF2A6DCDD100F42D17 /* ConfigData.swift */ = {isa = PBXFileReference; lastKnownFileType = sourcecode.swift; path = ConfigData.swift; sourceTree = "<group>"; };
		D2AF8FE22A6DD6CD00F42D17 /* JiraAPI.swift */ = {isa = PBXFileReference; lastKnownFileType = sourcecode.swift; path = JiraAPI.swift; sourceTree = "<group>"; };
		D2AF8FE42A6DD77B00F42D17 /* GitlabAPI.swift */ = {isa = PBXFileReference; lastKnownFileType = sourcecode.swift; path = GitlabAPI.swift; sourceTree = "<group>"; };
		D2AF8FE62A6FE45B00F42D17 /* Terminal.swift */ = {isa = PBXFileReference; lastKnownFileType = sourcecode.swift; path = Terminal.swift; sourceTree = "<group>"; };
/* End PBXFileReference section */

/* Begin PBXFrameworksBuildPhase section */
		D2AF8FC52A6DA57900F42D17 /* Frameworks */ = {
			isa = PBXFrameworksBuildPhase;
			buildActionMask = 2147483647;
			files = (
			);
			runOnlyForDeploymentPostprocessing = 0;
		};
/* End PBXFrameworksBuildPhase section */

/* Begin PBXGroup section */
		D2AF8FBF2A6DA57900F42D17 = {
			isa = PBXGroup;
			children = (
				D2AF8FCA2A6DA57900F42D17 /* GitlabHelper */,
				D2AF8FC92A6DA57900F42D17 /* Products */,
			);
			sourceTree = "<group>";
		};
		D2AF8FC92A6DA57900F42D17 /* Products */ = {
			isa = PBXGroup;
			children = (
				D2AF8FC82A6DA57900F42D17 /* GitlabHelper */,
			);
			name = Products;
			sourceTree = "<group>";
		};
		D2AF8FCA2A6DA57900F42D17 /* GitlabHelper */ = {
			isa = PBXGroup;
			children = (
				D2AF8FCB2A6DA57900F42D17 /* main.swift */,
				D2AF8FE12A6DD6C000F42D17 /* API */,
				D2AF8FDC2A6DCD8100F42D17 /* Extensions */,
				D2AF8FDB2A6DCD7500F42D17 /* Models */,
			);
			path = GitlabHelper;
			sourceTree = "<group>";
		};
		D2AF8FDB2A6DCD7500F42D17 /* Models */ = {
			isa = PBXGroup;
			children = (
				D2AF8FD92A6DBB8700F42D17 /* CreateMRData.swift */,
				D2AF8FDF2A6DCDD100F42D17 /* ConfigData.swift */,
			);
			path = Models;
			sourceTree = "<group>";
		};
		D2AF8FDC2A6DCD8100F42D17 /* Extensions */ = {
			isa = PBXGroup;
			children = (
				D2AF8FD72A6DB48000F42D17 /* ErrorExtension.swift */,
			);
			path = Extensions;
			sourceTree = "<group>";
		};
		D2AF8FE12A6DD6C000F42D17 /* API */ = {
			isa = PBXGroup;
			children = (
				D2AF8FE22A6DD6CD00F42D17 /* JiraAPI.swift */,
				D2AF8FE42A6DD77B00F42D17 /* GitlabAPI.swift */,
				D2AF8FE62A6FE45B00F42D17 /* Terminal.swift */,
			);
			path = API;
			sourceTree = "<group>";
		};
/* End PBXGroup section */

/* Begin PBXNativeTarget section */
		D2AF8FC72A6DA57900F42D17 /* GitlabHelper */ = {
			isa = PBXNativeTarget;
			buildConfigurationList = D2AF8FCF2A6DA57900F42D17 /* Build configuration list for PBXNativeTarget "GitlabHelper" */;
			buildPhases = (
				D2AF8FC42A6DA57900F42D17 /* Sources */,
				D2AF8FC52A6DA57900F42D17 /* Frameworks */,
				D2AF8FC62A6DA57900F42D17 /* CopyFiles */,
			);
			buildRules = (
			);
			dependencies = (
			);
			name = GitlabHelper;
			packageProductDependencies = (
			);
			productName = GitlabHelper;
			productReference = D2AF8FC82A6DA57900F42D17 /* GitlabHelper */;
			productType = "com.apple.product-type.tool";
		};
/* End PBXNativeTarget section */

/* Begin PBXProject section */
		D2AF8FC02A6DA57900F42D17 /* Project object */ = {
			isa = PBXProject;
			attributes = {
				BuildIndependentTargetsInParallel = 1;
				LastSwiftUpdateCheck = 1430;
				LastUpgradeCheck = 1430;
				TargetAttributes = {
					D2AF8FC72A6DA57900F42D17 = {
						CreatedOnToolsVersion = 14.3.1;
					};
				};
			};
			buildConfigurationList = D2AF8FC32A6DA57900F42D17 /* Build configuration list for PBXProject "GitlabHelper" */;
			compatibilityVersion = "Xcode 14.0";
			developmentRegion = en;
			hasScannedForEncodings = 0;
			knownRegions = (
				en,
				Base,
			);
			mainGroup = D2AF8FBF2A6DA57900F42D17;
			packageReferences = (
			);
			productRefGroup = D2AF8FC92A6DA57900F42D17 /* Products */;
			projectDirPath = "";
			projectRoot = "";
			targets = (
				D2AF8FC72A6DA57900F42D17 /* GitlabHelper */,
			);
		};
/* End PBXProject section */

/* Begin PBXSourcesBuildPhase section */
		D2AF8FC42A6DA57900F42D17 /* Sources */ = {
			isa = PBXSourcesBuildPhase;
			buildActionMask = 2147483647;
			files = (
				D2AF8FD82A6DB48000F42D17 /* ErrorExtension.swift in Sources */,
				D2AF8FCC2A6DA57900F42D17 /* main.swift in Sources */,
				D2AF8FDA2A6DBB8700F42D17 /* CreateMRData.swift in Sources */,
				D2AF8FE02A6DCDD100F42D17 /* ConfigData.swift in Sources */,
				D2AF8FE32A6DD6CD00F42D17 /* JiraAPI.swift in Sources */,
				D2AF8FE52A6DD77B00F42D17 /* GitlabAPI.swift in Sources */,
				D2AF8FE72A6FE45B00F42D17 /* Terminal.swift in Sources */,
			);
			runOnlyForDeploymentPostprocessing = 0;
		};
/* End PBXSourcesBuildPhase section */

/* Begin XCBuildConfiguration section */
		D2AF8FCD2A6DA57900F42D17 /* Debug */ = {
			isa = XCBuildConfiguration;
			buildSettings = {
				ALWAYS_SEARCH_USER_PATHS = NO;
				CLANG_ANALYZER_NONNULL = YES;
				CLANG_ANALYZER_NUMBER_OBJECT_CONVERSION = YES_AGGRESSIVE;
				CLANG_CXX_LANGUAGE_STANDARD = "gnu++20";
				CLANG_ENABLE_MODULES = YES;
				CLANG_ENABLE_OBJC_ARC = YES;
				CLANG_ENABLE_OBJC_WEAK = YES;
				CLANG_WARN_BLOCK_CAPTURE_AUTORELEASING = YES;
				CLANG_WARN_BOOL_CONVERSION = YES;
				CLANG_WARN_COMMA = YES;
				CLANG_WARN_CONSTANT_CONVERSION = YES;
				CLANG_WARN_DEPRECATED_OBJC_IMPLEMENTATIONS = YES;
				CLANG_WARN_DIRECT_OBJC_ISA_USAGE = YES_ERROR;
				CLANG_WARN_DOCUMENTATION_COMMENTS = YES;
				CLANG_WARN_EMPTY_BODY = YES;
				CLANG_WARN_ENUM_CONVERSION = YES;
				CLANG_WARN_INFINITE_RECURSION = YES;
				CLANG_WARN_INT_CONVERSION = YES;
				CLANG_WARN_NON_LITERAL_NULL_CONVERSION = YES;
				CLANG_WARN_OBJC_IMPLICIT_RETAIN_SELF = YES;
				CLANG_WARN_OBJC_LITERAL_CONVERSION = YES;
				CLANG_WARN_OBJC_ROOT_CLASS = YES_ERROR;
				CLANG_WARN_QUOTED_INCLUDE_IN_FRAMEWORK_HEADER = YES;
				CLANG_WARN_RANGE_LOOP_ANALYSIS = YES;
				CLANG_WARN_STRICT_PROTOTYPES = YES;
				CLANG_WARN_SUSPICIOUS_MOVE = YES;
				CLANG_WARN_UNGUARDED_AVAILABILITY = YES_AGGRESSIVE;
				CLANG_WARN_UNREACHABLE_CODE = YES;
				CLANG_WARN__DUPLICATE_METHOD_MATCH = YES;
				COPY_PHASE_STRIP = NO;
				DEBUG_INFORMATION_FORMAT = dwarf;
				ENABLE_STRICT_OBJC_MSGSEND = YES;
				ENABLE_TESTABILITY = YES;
				GCC_C_LANGUAGE_STANDARD = gnu11;
				GCC_DYNAMIC_NO_PIC = NO;
				GCC_NO_COMMON_BLOCKS = YES;
				GCC_OPTIMIZATION_LEVEL = 0;
				GCC_PREPROCESSOR_DEFINITIONS = (
					"DEBUG=1",
					"$(inherited)",
				);
				GCC_WARN_64_TO_32_BIT_CONVERSION = YES;
				GCC_WARN_ABOUT_RETURN_TYPE = YES_ERROR;
				GCC_WARN_UNDECLARED_SELECTOR = YES;
				GCC_WARN_UNINITIALIZED_AUTOS = YES_AGGRESSIVE;
				GCC_WARN_UNUSED_FUNCTION = YES;
				GCC_WARN_UNUSED_VARIABLE = YES;
				MACOSX_DEPLOYMENT_TARGET = 13.3;
				MTL_ENABLE_DEBUG_INFO = INCLUDE_SOURCE;
				MTL_FAST_MATH = YES;
				ONLY_ACTIVE_ARCH = YES;
				SDKROOT = macosx;
				SWIFT_ACTIVE_COMPILATION_CONDITIONS = DEBUG;
				SWIFT_OPTIMIZATION_LEVEL = "-Onone";
			};
			name = Debug;
		};
		D2AF8FCE2A6DA57900F42D17 /* Release */ = {
			isa = XCBuildConfiguration;
			buildSettings = {
				ALWAYS_SEARCH_USER_PATHS = NO;
				CLANG_ANALYZER_NONNULL = YES;
				CLANG_ANALYZER_NUMBER_OBJECT_CONVERSION = YES_AGGRESSIVE;
				CLANG_CXX_LANGUAGE_STANDARD = "gnu++20";
				CLANG_ENABLE_MODULES = YES;
				CLANG_ENABLE_OBJC_ARC = YES;
				CLANG_ENABLE_OBJC_WEAK = YES;
				CLANG_WARN_BLOCK_CAPTURE_AUTORELEASING = YES;
				CLANG_WARN_BOOL_CONVERSION = YES;
				CLANG_WARN_COMMA = YES;
				CLANG_WARN_CONSTANT_CONVERSION = YES;
				CLANG_WARN_DEPRECATED_OBJC_IMPLEMENTATIONS = YES;
				CLANG_WARN_DIRECT_OBJC_ISA_USAGE = YES_ERROR;
				CLANG_WARN_DOCUMENTATION_COMMENTS = YES;
				CLANG_WARN_EMPTY_BODY = YES;
				CLANG_WARN_ENUM_CONVERSION = YES;
				CLANG_WARN_INFINITE_RECURSION = YES;
				CLANG_WARN_INT_CONVERSION = YES;
				CLANG_WARN_NON_LITERAL_NULL_CONVERSION = YES;
				CLANG_WARN_OBJC_IMPLICIT_RETAIN_SELF = YES;
				CLANG_WARN_OBJC_LITERAL_CONVERSION = YES;
				CLANG_WARN_OBJC_ROOT_CLASS = YES_ERROR;
				CLANG_WARN_QUOTED_INCLUDE_IN_FRAMEWORK_HEADER = YES;
				CLANG_WARN_RANGE_LOOP_ANALYSIS = YES;
				CLANG_WARN_STRICT_PROTOTYPES = YES;
				CLANG_WARN_SUSPICIOUS_MOVE = YES;
				CLANG_WARN_UNGUARDED_AVAILABILITY = YES_AGGRESSIVE;
				CLANG_WARN_UNREACHABLE_CODE = YES;
				CLANG_WARN__DUPLICATE_METHOD_MATCH = YES;
				COPY_PHASE_STRIP = NO;
				DEBUG_INFORMATION_FORMAT = "dwarf-with-dsym";
				ENABLE_NS_ASSERTIONS = NO;
				ENABLE_STRICT_OBJC_MSGSEND = YES;
				GCC_C_LANGUAGE_STANDARD = gnu11;
				GCC_NO_COMMON_BLOCKS = YES;
				GCC_WARN_64_TO_32_BIT_CONVERSION = YES;
				GCC_WARN_ABOUT_RETURN_TYPE = YES_ERROR;
				GCC_WARN_UNDECLARED_SELECTOR = YES;
				GCC_WARN_UNINITIALIZED_AUTOS = YES_AGGRESSIVE;
				GCC_WARN_UNUSED_FUNCTION = YES;
				GCC_WARN_UNUSED_VARIABLE = YES;
				MACOSX_DEPLOYMENT_TARGET = 13.3;
				MTL_ENABLE_DEBUG_INFO = NO;
				MTL_FAST_MATH = YES;
				SDKROOT = macosx;
				SWIFT_COMPILATION_MODE = wholemodule;
				SWIFT_OPTIMIZATION_LEVEL = "-O";
			};
			name = Release;
		};
		D2AF8FD02A6DA57900F42D17 /* Debug */ = {
			isa = XCBuildConfiguration;
			buildSettings = {
				CODE_SIGN_STYLE = Automatic;
				DEVELOPMENT_TEAM = W2QHJ34Q48;
				ENABLE_HARDENED_RUNTIME = YES;
				PRODUCT_NAME = "$(TARGET_NAME)";
				SWIFT_VERSION = 5.0;
			};
			name = Debug;
		};
		D2AF8FD12A6DA57900F42D17 /* Release */ = {
			isa = XCBuildConfiguration;
			buildSettings = {
				CODE_SIGN_STYLE = Automatic;
				DEVELOPMENT_TEAM = W2QHJ34Q48;
				ENABLE_HARDENED_RUNTIME = YES;
				PRODUCT_NAME = "$(TARGET_NAME)";
				SWIFT_VERSION = 5.0;
			};
			name = Release;
		};
/* End XCBuildConfiguration section */

/* Begin XCConfigurationList section */
		D2AF8FC32A6DA57900F42D17 /* Build configuration list for PBXProject "GitlabHelper" */ = {
			isa = XCConfigurationList;
			buildConfigurations = (
				D2AF8FCD2A6DA57900F42D17 /* Debug */,
				D2AF8FCE2A6DA57900F42D17 /* Release */,
			);
			defaultConfigurationIsVisible = 0;
			defaultConfigurationName = Release;
		};
		D2AF8FCF2A6DA57900F42D17 /* Build configuration list for PBXNativeTarget "GitlabHelper" */ = {
			isa = XCConfigurationList;
			buildConfigurations = (
				D2AF8FD02A6DA57900F42D17 /* Debug */,
				D2AF8FD12A6DA57900F42D17 /* Release */,
			);
			defaultConfigurationIsVisible = 0;
			defaultConfigurationName = Release;
		};
/* End XCConfigurationList section */
	};
	rootObject = D2AF8FC02A6DA57900F42D17 /* Project object */;
}
